// !$*UTF8*$!
{
	archiveVersion = 1;
	classes = {
	};
	objectVersion = 77;
	objects = {

/* Begin PBXBuildFile section */
		91A401012D9F0D7700DE414A /* SnapKit in Frameworks */ = {isa = PBXBuildFile; productRef = 91A401002D9F0D7700DE414A /* SnapKit */; };
		91A401042D9F0D9700DE414A /* RxCocoa in Frameworks */ = {isa = PBXBuildFile; productRef = 91A401032D9F0D9700DE414A /* RxCocoa */; };
		91A401062D9F0D9700DE414A /* RxRelay in Frameworks */ = {isa = PBXBuildFile; productRef = 91A401052D9F0D9700DE414A /* RxRelay */; };
		91A401082D9F0D9700DE414A /* RxSwift in Frameworks */ = {isa = PBXBuildFile; productRef = 91A401072D9F0D9700DE414A /* RxSwift */; };
		91A4010B2D9F0E4400DE414A /* Kingfisher in Frameworks */ = {isa = PBXBuildFile; productRef = 91A4010A2D9F0E4400DE414A /* Kingfisher */; };
		91A4011A2D9F4D8A00DE414A /* Then in Frameworks */ = {isa = PBXBuildFile; productRef = 91A401192D9F4D8A00DE414A /* Then */; };
		91A4011F2D9F5E6500DE414A /* RealmSwift in Frameworks */ = {isa = PBXBuildFile; productRef = 91A4011E2D9F5E6500DE414A /* RealmSwift */; };
		91A401202D9F5EAD00DE414A /* RealmSwift in Embed Frameworks */ = {isa = PBXBuildFile; productRef = 91A4011E2D9F5E6500DE414A /* RealmSwift */; settings = {ATTRIBUTES = (CodeSignOnCopy, ); }; };
/* End PBXBuildFile section */

/* Begin PBXCopyFilesBuildPhase section */
		91A401212D9F5EAD00DE414A /* Embed Frameworks */ = {
			isa = PBXCopyFilesBuildPhase;
			buildActionMask = 2147483647;
			dstPath = "";
			dstSubfolderSpec = 10;
			files = (
				91A401202D9F5EAD00DE414A /* RealmSwift in Embed Frameworks */,
			);
			name = "Embed Frameworks";
			runOnlyForDeploymentPostprocessing = 0;
		};
/* End PBXCopyFilesBuildPhase section */

/* Begin PBXFileReference section */
		91970CE52D9F0707004C8D0B /* OOTDay.app */ = {isa = PBXFileReference; explicitFileType = wrapper.application; includeInIndex = 0; path = OOTDay.app; sourceTree = BUILT_PRODUCTS_DIR; };
/* End PBXFileReference section */

/* Begin PBXFileSystemSynchronizedBuildFileExceptionSet section */
		91970CF72D9F070A004C8D0B /* Exceptions for "OOTDay" folder in "OOTDay" target */ = {
			isa = PBXFileSystemSynchronizedBuildFileExceptionSet;
			membershipExceptions = (
				Info.plist,
			);
			target = 91970CE42D9F0707004C8D0B /* OOTDay */;
		};
/* End PBXFileSystemSynchronizedBuildFileExceptionSet section */

/* Begin PBXFileSystemSynchronizedRootGroup section */
		91970CE72D9F0707004C8D0B /* OOTDay */ = {
			isa = PBXFileSystemSynchronizedRootGroup;
			exceptions = (
				91970CF72D9F070A004C8D0B /* Exceptions for "OOTDay" folder in "OOTDay" target */,
			);
			path = OOTDay;
			sourceTree = "<group>";
		};
/* End PBXFileSystemSynchronizedRootGroup section */

/* Begin PBXFrameworksBuildPhase section */
		91970CE22D9F0707004C8D0B /* Frameworks */ = {
			isa = PBXFrameworksBuildPhase;
			buildActionMask = 2147483647;
			files = (
				91A401062D9F0D9700DE414A /* RxRelay in Frameworks */,
				91A401042D9F0D9700DE414A /* RxCocoa in Frameworks */,
				91A4011F2D9F5E6500DE414A /* RealmSwift in Frameworks */,
				91A4011A2D9F4D8A00DE414A /* Then in Frameworks */,
				91A401082D9F0D9700DE414A /* RxSwift in Frameworks */,
				91A401012D9F0D7700DE414A /* SnapKit in Frameworks */,
				91A4010B2D9F0E4400DE414A /* Kingfisher in Frameworks */,
			);
			runOnlyForDeploymentPostprocessing = 0;
		};
/* End PBXFrameworksBuildPhase section */

/* Begin PBXGroup section */
		91970CDC2D9F0707004C8D0B = {
			isa = PBXGroup;
			children = (
				91970CE72D9F0707004C8D0B /* OOTDay */,
				91970CE62D9F0707004C8D0B /* Products */,
			);
			sourceTree = "<group>";
		};
		91970CE62D9F0707004C8D0B /* Products */ = {
			isa = PBXGroup;
			children = (
				91970CE52D9F0707004C8D0B /* OOTDay.app */,
			);
			name = Products;
			sourceTree = "<group>";
		};
/* End PBXGroup section */

/* Begin PBXNativeTarget section */
		91970CE42D9F0707004C8D0B /* OOTDay */ = {
			isa = PBXNativeTarget;
			buildConfigurationList = 91970CF82D9F070A004C8D0B /* Build configuration list for PBXNativeTarget "OOTDay" */;
			buildPhases = (
				91970CE12D9F0707004C8D0B /* Sources */,
				91970CE22D9F0707004C8D0B /* Frameworks */,
				91970CE32D9F0707004C8D0B /* Resources */,
				91A401212D9F5EAD00DE414A /* Embed Frameworks */,
			);
			buildRules = (
			);
			dependencies = (
			);
			fileSystemSynchronizedGroups = (
				91970CE72D9F0707004C8D0B /* OOTDay */,
			);
			name = OOTDay;
			packageProductDependencies = (
				91A401002D9F0D7700DE414A /* SnapKit */,
				91A401032D9F0D9700DE414A /* RxCocoa */,
				91A401052D9F0D9700DE414A /* RxRelay */,
				91A401072D9F0D9700DE414A /* RxSwift */,
				91A4010A2D9F0E4400DE414A /* Kingfisher */,
				91A401192D9F4D8A00DE414A /* Then */,
				91A4011E2D9F5E6500DE414A /* RealmSwift */,
			);
			productName = OOTDay;
			productReference = 91970CE52D9F0707004C8D0B /* OOTDay.app */;
			productType = "com.apple.product-type.application";
		};
/* End PBXNativeTarget section */

/* Begin PBXProject section */
		91970CDD2D9F0707004C8D0B /* Project object */ = {
			isa = PBXProject;
			attributes = {
				BuildIndependentTargetsInParallel = 1;
				LastSwiftUpdateCheck = 1630;
				LastUpgradeCheck = 1630;
				TargetAttributes = {
					91970CE42D9F0707004C8D0B = {
						CreatedOnToolsVersion = 16.3;
					};
				};
			};
			buildConfigurationList = 91970CE02D9F0707004C8D0B /* Build configuration list for PBXProject "OOTDay" */;
			developmentRegion = en;
			hasScannedForEncodings = 0;
			knownRegions = (
				en,
				Base,
			);
			mainGroup = 91970CDC2D9F0707004C8D0B;
			minimizedProjectReferenceProxies = 1;
			packageReferences = (
				91A400FF2D9F0D7700DE414A /* XCRemoteSwiftPackageReference "SnapKit" */,
				91A401022D9F0D9700DE414A /* XCRemoteSwiftPackageReference "RxSwift" */,
				91A401092D9F0E4400DE414A /* XCRemoteSwiftPackageReference "Kingfisher" */,
				91A401182D9F4D8A00DE414A /* XCRemoteSwiftPackageReference "Then" */,
				91A4011D2D9F5E6500DE414A /* XCRemoteSwiftPackageReference "realm-swift" */,
			);
			preferredProjectObjectVersion = 77;
			productRefGroup = 91970CE62D9F0707004C8D0B /* Products */;
			projectDirPath = "";
			projectRoot = "";
			targets = (
				91970CE42D9F0707004C8D0B /* OOTDay */,
			);
		};
/* End PBXProject section */

/* Begin PBXResourcesBuildPhase section */
		91970CE32D9F0707004C8D0B /* Resources */ = {
			isa = PBXResourcesBuildPhase;
			buildActionMask = 2147483647;
			files = (
			);
			runOnlyForDeploymentPostprocessing = 0;
		};
/* End PBXResourcesBuildPhase section */

/* Begin PBXSourcesBuildPhase section */
		91970CE12D9F0707004C8D0B /* Sources */ = {
			isa = PBXSourcesBuildPhase;
			buildActionMask = 2147483647;
			files = (
			);
			runOnlyForDeploymentPostprocessing = 0;
		};
/* End PBXSourcesBuildPhase section */

/* Begin XCBuildConfiguration section */
		91970CF92D9F070A004C8D0B /* Debug */ = {
			isa = XCBuildConfiguration;
			buildSettings = {
				ASSETCATALOG_COMPILER_APPICON_NAME = AppIcon;
				ASSETCATALOG_COMPILER_GLOBAL_ACCENT_COLOR_NAME = AccentColor;
				CODE_SIGN_ENTITLEMENTS = OOTDay/OOTDay.entitlements;
				CODE_SIGN_STYLE = Automatic;
				CURRENT_PROJECT_VERSION = 1;
				DEVELOPMENT_TEAM = M3KH86595Z;
				GENERATE_INFOPLIST_FILE = YES;
				INFOPLIST_FILE = OOTDay/Info.plist;
				INFOPLIST_KEY_UIApplicationSupportsIndirectInputEvents = YES;
				INFOPLIST_KEY_UILaunchStoryboardName = LaunchScreen;
				INFOPLIST_KEY_UIMainStoryboardFile = Main;
				INFOPLIST_KEY_UISupportedInterfaceOrientations_iPad = "UIInterfaceOrientationPortrait UIInterfaceOrientationPortraitUpsideDown UIInterfaceOrientationLandscapeLeft UIInterfaceOrientationLandscapeRight";
				INFOPLIST_KEY_UISupportedInterfaceOrientations_iPhone = "UIInterfaceOrientationPortrait UIInterfaceOrientationLandscapeLeft UIInterfaceOrientationLandscapeRight";
				IPHONEOS_DEPLOYMENT_TARGET = 17.6;
				LD_RUNPATH_SEARCH_PATHS = (
					"$(inherited)",
					"@executable_path/Frameworks",
				);
				MARKETING_VERSION = 1.0;
				PRODUCT_BUNDLE_IDENTIFIER = com.sangjin.OOTDay;
				PRODUCT_NAME = "$(TARGET_NAME)";
				SUPPORTED_PLATFORMS = "iphoneos iphonesimulator";
				SUPPORTS_MACCATALYST = NO;
				SUPPORTS_MAC_DESIGNED_FOR_IPHONE_IPAD = NO;
				SUPPORTS_XR_DESIGNED_FOR_IPHONE_IPAD = NO;
				SWIFT_EMIT_LOC_STRINGS = YES;
				SWIFT_VERSION = 5.0;
				TARGETED_DEVICE_FAMILY = 1;
			};
			name = Debug;
		};
		91970CFA2D9F070A004C8D0B /* Release */ = {
			isa = XCBuildConfiguration;
			buildSettings = {
				ASSETCATALOG_COMPILER_APPICON_NAME = AppIcon;
				ASSETCATALOG_COMPILER_GLOBAL_ACCENT_COLOR_NAME = AccentColor;
				CODE_SIGN_ENTITLEMENTS = OOTDay/OOTDay.entitlements;
				CODE_SIGN_STYLE = Automatic;
				CURRENT_PROJECT_VERSION = 1;
				DEVELOPMENT_TEAM = M3KH86595Z;
				GENERATE_INFOPLIST_FILE = YES;
				INFOPLIST_FILE = OOTDay/Info.plist;
				INFOPLIST_KEY_UIApplicationSupportsIndirectInputEvents = YES;
				INFOPLIST_KEY_UILaunchStoryboardName = LaunchScreen;
				INFOPLIST_KEY_UIMainStoryboardFile = Main;
				INFOPLIST_KEY_UISupportedInterfaceOrientations_iPad = "UIInterfaceOrientationPortrait UIInterfaceOrientationPortraitUpsideDown UIInterfaceOrientationLandscapeLeft UIInterfaceOrientationLandscapeRight";
				INFOPLIST_KEY_UISupportedInterfaceOrientations_iPhone = "UIInterfaceOrientationPortrait UIInterfaceOrientationLandscapeLeft UIInterfaceOrientationLandscapeRight";
				IPHONEOS_DEPLOYMENT_TARGET = 17.6;
				LD_RUNPATH_SEARCH_PATHS = (
					"$(inherited)",
					"@executable_path/Frameworks",
				);
				MARKETING_VERSION = 1.0;
				PRODUCT_BUNDLE_IDENTIFIER = com.sangjin.OOTDay;
				PRODUCT_NAME = "$(TARGET_NAME)";
				SUPPORTED_PLATFORMS = "iphoneos iphonesimulator";
				SUPPORTS_MACCATALYST = NO;
				SUPPORTS_MAC_DESIGNED_FOR_IPHONE_IPAD = NO;
				SUPPORTS_XR_DESIGNED_FOR_IPHONE_IPAD = NO;
				SWIFT_EMIT_LOC_STRINGS = YES;
				SWIFT_VERSION = 5.0;
				TARGETED_DEVICE_FAMILY = 1;
			};
			name = Release;
		};
		91970CFB2D9F070A004C8D0B /* Debug */ = {
			isa = XCBuildConfiguration;
			buildSettings = {
				ALWAYS_SEARCH_USER_PATHS = NO;
				ASSETCATALOG_COMPILER_GENERATE_SWIFT_ASSET_SYMBOL_EXTENSIONS = YES;
				CLANG_ANALYZER_NONNULL = YES;
				CLANG_ANALYZER_NUMBER_OBJECT_CONVERSION = YES_AGGRESSIVE;
				CLANG_CXX_LANGUAGE_STANDARD = "gnu++20";
				CLANG_ENABLE_MODULES = YES;
				CLANG_ENABLE_OBJC_ARC = YES;
				CLANG_ENABLE_OBJC_WEAK = YES;
				CLANG_WARN_BLOCK_CAPTURE_AUTORELEASING = YES;
				CLANG_WARN_BOOL_CONVERSION = YES;
				CLANG_WARN_COMMA = YES;
				CLANG_WARN_CONSTANT_CONVERSION = YES;
				CLANG_WARN_DEPRECATED_OBJC_IMPLEMENTATIONS = YES;
				CLANG_WARN_DIRECT_OBJC_ISA_USAGE = YES_ERROR;
				CLANG_WARN_DOCUMENTATION_COMMENTS = YES;
				CLANG_WARN_EMPTY_BODY = YES;
				CLANG_WARN_ENUM_CONVERSION = YES;
				CLANG_WARN_INFINITE_RECURSION = YES;
				CLANG_WARN_INT_CONVERSION = YES;
				CLANG_WARN_NON_LITERAL_NULL_CONVERSION = YES;
				CLANG_WARN_OBJC_IMPLICIT_RETAIN_SELF = YES;
				CLANG_WARN_OBJC_LITERAL_CONVERSION = YES;
				CLANG_WARN_OBJC_ROOT_CLASS = YES_ERROR;
				CLANG_WARN_QUOTED_INCLUDE_IN_FRAMEWORK_HEADER = YES;
				CLANG_WARN_RANGE_LOOP_ANALYSIS = YES;
				CLANG_WARN_STRICT_PROTOTYPES = YES;
				CLANG_WARN_SUSPICIOUS_MOVE = YES;
				CLANG_WARN_UNGUARDED_AVAILABILITY = YES_AGGRESSIVE;
				CLANG_WARN_UNREACHABLE_CODE = YES;
				CLANG_WARN__DUPLICATE_METHOD_MATCH = YES;
				COPY_PHASE_STRIP = NO;
				DEBUG_INFORMATION_FORMAT = dwarf;
				DEVELOPMENT_TEAM = M3KH86595Z;
				ENABLE_STRICT_OBJC_MSGSEND = YES;
				ENABLE_TESTABILITY = YES;
				ENABLE_USER_SCRIPT_SANDBOXING = YES;
				GCC_C_LANGUAGE_STANDARD = gnu17;
				GCC_DYNAMIC_NO_PIC = NO;
				GCC_NO_COMMON_BLOCKS = YES;
				GCC_OPTIMIZATION_LEVEL = 0;
				GCC_PREPROCESSOR_DEFINITIONS = (
					"DEBUG=1",
					"$(inherited)",
				);
				GCC_WARN_64_TO_32_BIT_CONVERSION = YES;
				GCC_WARN_ABOUT_RETURN_TYPE = YES_ERROR;
				GCC_WARN_UNDECLARED_SELECTOR = YES;
				GCC_WARN_UNINITIALIZED_AUTOS = YES_AGGRESSIVE;
				GCC_WARN_UNUSED_FUNCTION = YES;
				GCC_WARN_UNUSED_VARIABLE = YES;
				IPHONEOS_DEPLOYMENT_TARGET = 18.4;
				LOCALIZATION_PREFERS_STRING_CATALOGS = YES;
				MTL_ENABLE_DEBUG_INFO = INCLUDE_SOURCE;
				MTL_FAST_MATH = YES;
				ONLY_ACTIVE_ARCH = YES;
				SDKROOT = iphoneos;
				SWIFT_ACTIVE_COMPILATION_CONDITIONS = "DEBUG $(inherited)";
				SWIFT_OPTIMIZATION_LEVEL = "-Onone";
			};
			name = Debug;
		};
		91970CFC2D9F070A004C8D0B /* Release */ = {
			isa = XCBuildConfiguration;
			buildSettings = {
				ALWAYS_SEARCH_USER_PATHS = NO;
				ASSETCATALOG_COMPILER_GENERATE_SWIFT_ASSET_SYMBOL_EXTENSIONS = YES;
				CLANG_ANALYZER_NONNULL = YES;
				CLANG_ANALYZER_NUMBER_OBJECT_CONVERSION = YES_AGGRESSIVE;
				CLANG_CXX_LANGUAGE_STANDARD = "gnu++20";
				CLANG_ENABLE_MODULES = YES;
				CLANG_ENABLE_OBJC_ARC = YES;
				CLANG_ENABLE_OBJC_WEAK = YES;
				CLANG_WARN_BLOCK_CAPTURE_AUTORELEASING = YES;
				CLANG_WARN_BOOL_CONVERSION = YES;
				CLANG_WARN_COMMA = YES;
				CLANG_WARN_CONSTANT_CONVERSION = YES;
				CLANG_WARN_DEPRECATED_OBJC_IMPLEMENTATIONS = YES;
				CLANG_WARN_DIRECT_OBJC_ISA_USAGE = YES_ERROR;
				CLANG_WARN_DOCUMENTATION_COMMENTS = YES;
				CLANG_WARN_EMPTY_BODY = YES;
				CLANG_WARN_ENUM_CONVERSION = YES;
				CLANG_WARN_INFINITE_RECURSION = YES;
				CLANG_WARN_INT_CONVERSION = YES;
				CLANG_WARN_NON_LITERAL_NULL_CONVERSION = YES;
				CLANG_WARN_OBJC_IMPLICIT_RETAIN_SELF = YES;
				CLANG_WARN_OBJC_LITERAL_CONVERSION = YES;
				CLANG_WARN_OBJC_ROOT_CLASS = YES_ERROR;
				CLANG_WARN_QUOTED_INCLUDE_IN_FRAMEWORK_HEADER = YES;
				CLANG_WARN_RANGE_LOOP_ANALYSIS = YES;
				CLANG_WARN_STRICT_PROTOTYPES = YES;
				CLANG_WARN_SUSPICIOUS_MOVE = YES;
				CLANG_WARN_UNGUARDED_AVAILABILITY = YES_AGGRESSIVE;
				CLANG_WARN_UNREACHABLE_CODE = YES;
				CLANG_WARN__DUPLICATE_METHOD_MATCH = YES;
				COPY_PHASE_STRIP = NO;
				DEBUG_INFORMATION_FORMAT = "dwarf-with-dsym";
				DEVELOPMENT_TEAM = M3KH86595Z;
				ENABLE_NS_ASSERTIONS = NO;
				ENABLE_STRICT_OBJC_MSGSEND = YES;
				ENABLE_USER_SCRIPT_SANDBOXING = YES;
				GCC_C_LANGUAGE_STANDARD = gnu17;
				GCC_NO_COMMON_BLOCKS = YES;
				GCC_WARN_64_TO_32_BIT_CONVERSION = YES;
				GCC_WARN_ABOUT_RETURN_TYPE = YES_ERROR;
				GCC_WARN_UNDECLARED_SELECTOR = YES;
				GCC_WARN_UNINITIALIZED_AUTOS = YES_AGGRESSIVE;
				GCC_WARN_UNUSED_FUNCTION = YES;
				GCC_WARN_UNUSED_VARIABLE = YES;
				IPHONEOS_DEPLOYMENT_TARGET = 18.4;
				LOCALIZATION_PREFERS_STRING_CATALOGS = YES;
				MTL_ENABLE_DEBUG_INFO = NO;
				MTL_FAST_MATH = YES;
				SDKROOT = iphoneos;
				SWIFT_COMPILATION_MODE = wholemodule;
				VALIDATE_PRODUCT = YES;
			};
			name = Release;
		};
/* End XCBuildConfiguration section */

/* Begin XCConfigurationList section */
		91970CE02D9F0707004C8D0B /* Build configuration list for PBXProject "OOTDay" */ = {
			isa = XCConfigurationList;
			buildConfigurations = (
				91970CFB2D9F070A004C8D0B /* Debug */,
				91970CFC2D9F070A004C8D0B /* Release */,
			);
			defaultConfigurationIsVisible = 0;
			defaultConfigurationName = Release;
		};
		91970CF82D9F070A004C8D0B /* Build configuration list for PBXNativeTarget "OOTDay" */ = {
			isa = XCConfigurationList;
			buildConfigurations = (
				91970CF92D9F070A004C8D0B /* Debug */,
				91970CFA2D9F070A004C8D0B /* Release */,
			);
			defaultConfigurationIsVisible = 0;
			defaultConfigurationName = Release;
		};
/* End XCConfigurationList section */

/* Begin XCRemoteSwiftPackageReference section */
		91A400FF2D9F0D7700DE414A /* XCRemoteSwiftPackageReference "SnapKit" */ = {
			isa = XCRemoteSwiftPackageReference;
			repositoryURL = "https://github.com/SnapKit/SnapKit.git";
			requirement = {
				kind = upToNextMajorVersion;
				minimumVersion = 5.7.1;
			};
		};
		91A401022D9F0D9700DE414A /* XCRemoteSwiftPackageReference "RxSwift" */ = {
			isa = XCRemoteSwiftPackageReference;
			repositoryURL = "https://github.com/ReactiveX/RxSwift.git";
			requirement = {
				kind = upToNextMajorVersion;
				minimumVersion = 6.9.0;
			};
		};
		91A401092D9F0E4400DE414A /* XCRemoteSwiftPackageReference "Kingfisher" */ = {
			isa = XCRemoteSwiftPackageReference;
			repositoryURL = "https://github.com/onevcat/Kingfisher.git";
			requirement = {
				kind = upToNextMajorVersion;
				minimumVersion = 8.3.1;
			};
		};
		91A401182D9F4D8A00DE414A /* XCRemoteSwiftPackageReference "Then" */ = {
			isa = XCRemoteSwiftPackageReference;
			repositoryURL = "https://github.com/devxoul/Then.git";
			requirement = {
				kind = upToNextMajorVersion;
				minimumVersion = 3.0.0;
			};
		};
		91A4011D2D9F5E6500DE414A /* XCRemoteSwiftPackageReference "realm-swift" */ = {
			isa = XCRemoteSwiftPackageReference;
			repositoryURL = "https://github.com/realm/realm-swift.git";
			requirement = {
				kind = upToNextMajorVersion;
				minimumVersion = 10.52.0;
			};
		};
/* End XCRemoteSwiftPackageReference section */

/* Begin XCSwiftPackageProductDependency section */
		91A401002D9F0D7700DE414A /* SnapKit */ = {
			isa = XCSwiftPackageProductDependency;
			package = 91A400FF2D9F0D7700DE414A /* XCRemoteSwiftPackageReference "SnapKit" */;
			productName = SnapKit;
		};
		91A401032D9F0D9700DE414A /* RxCocoa */ = {
			isa = XCSwiftPackageProductDependency;
			package = 91A401022D9F0D9700DE414A /* XCRemoteSwiftPackageReference "RxSwift" */;
			productName = RxCocoa;
		};
		91A401052D9F0D9700DE414A /* RxRelay */ = {
			isa = XCSwiftPackageProductDependency;
			package = 91A401022D9F0D9700DE414A /* XCRemoteSwiftPackageReference "RxSwift" */;
			productName = RxRelay;
		};
		91A401072D9F0D9700DE414A /* RxSwift */ = {
			isa = XCSwiftPackageProductDependency;
			package = 91A401022D9F0D9700DE414A /* XCRemoteSwiftPackageReference "RxSwift" */;
			productName = RxSwift;
		};
		91A4010A2D9F0E4400DE414A /* Kingfisher */ = {
			isa = XCSwiftPackageProductDependency;
			package = 91A401092D9F0E4400DE414A /* XCRemoteSwiftPackageReference "Kingfisher" */;
			productName = Kingfisher;
		};
		91A401192D9F4D8A00DE414A /* Then */ = {
			isa = XCSwiftPackageProductDependency;
			package = 91A401182D9F4D8A00DE414A /* XCRemoteSwiftPackageReference "Then" */;
			productName = Then;
		};
		91A4011E2D9F5E6500DE414A /* RealmSwift */ = {
			isa = XCSwiftPackageProductDependency;
			package = 91A4011D2D9F5E6500DE414A /* XCRemoteSwiftPackageReference "realm-swift" */;
			productName = RealmSwift;
		};
/* End XCSwiftPackageProductDependency section */
	};
	rootObject = 91970CDD2D9F0707004C8D0B /* Project object */;
}
